
Microsoft Visual Studio Solution File, Format Version 12.00
# Visual Studio Version 16
VisualStudioVersion = 16.0.29613.14
MinimumVisualStudioVersion = 10.0.40219.1
Project("{FAE04EC0-301F-11D3-BF4B-00C04F79EFBC}") = "AdventureGame", "AdventureGame\AdventureGame.csproj", "{20C2C362-C023-4582-B686-B0960ADDFBA6}"
EndProject
Global
	GlobalSection(SolutionConfigurationPlatforms) = preSolution
		Debug|Any CPU = Debug|Any CPU
		Release|Any CPU = Release|Any CPU
	EndGlobalSection
	GlobalSection(ProjectConfigurationPlatforms) = postSolution
		{20C2C362-C023-4582-B686-B0960ADDFBA6}.Debug|Any CPU.ActiveCfg = Debug|Any CPU
		{20C2C362-C023-4582-B686-B0960ADDFBA6}.Debug|Any CPU.Build.0 = Debug|Any CPU
		{20C2C362-C023-4582-B686-B0960ADDFBA6}.Release|Any CPU.ActiveCfg = Release|Any CPU
		{20C2C362-C023-4582-B686-B0960ADDFBA6}.Release|Any CPU.Build.0 = Release|Any CPU
	EndGlobalSection
	GlobalSection(SolutionProperties) = preSolution
		HideSolutionNode = FALSE
	EndGlobalSection
	GlobalSection(ExtensibilityGlobals) = postSolution
		SolutionGuid = {B7EBA4AE-72AD-457D-AF73-F16E5AB32AB6}
	EndGlobalSection
EndGlobal
